
Microsoft Visual Studio Solution File, Format Version 12.00
# Visual Studio Version 16
VisualStudioVersion = 16.0.30204.135
MinimumVisualStudioVersion = 10.0.40219.1
Project("{9A19103F-16F7-4668-BE54-9A1E7A4F7556}") = "CQRS-Playground", "CQRS-Playground.csproj", "{F521C012-054A-4564-9373-E34B48697A97}"
EndProject
Project("{9A19103F-16F7-4668-BE54-9A1E7A4F7556}") = "CQRS-Playground.Test", "CQRS-Playground.Test\CQRS-Playground.Test.csproj", "{A849055D-2CD2-4DC8-AA87-F8B7675680BB}"
EndProject
Global
	GlobalSection(SolutionConfigurationPlatforms) = preSolution
		Debug|Any CPU = Debug|Any CPU
		Release|Any CPU = Release|Any CPU
	EndGlobalSection
	GlobalSection(ProjectConfigurationPlatforms) = postSolution
		{F521C012-054A-4564-9373-E34B48697A97}.Debug|Any CPU.ActiveCfg = Debug|Any CPU
		{F521C012-054A-4564-9373-E34B48697A97}.Debug|Any CPU.Build.0 = Debug|Any CPU
		{F521C012-054A-4564-9373-E34B48697A97}.Release|Any CPU.ActiveCfg = Release|Any CPU
		{F521C012-054A-4564-9373-E34B48697A97}.Release|Any CPU.Build.0 = Release|Any CPU
		{A849055D-2CD2-4DC8-AA87-F8B7675680BB}.Debug|Any CPU.ActiveCfg = Debug|Any CPU
		{A849055D-2CD2-4DC8-AA87-F8B7675680BB}.Debug|Any CPU.Build.0 = Debug|Any CPU
		{A849055D-2CD2-4DC8-AA87-F8B7675680BB}.Release|Any CPU.ActiveCfg = Release|Any CPU
		{A849055D-2CD2-4DC8-AA87-F8B7675680BB}.Release|Any CPU.Build.0 = Release|Any CPU
	EndGlobalSection
	GlobalSection(SolutionProperties) = preSolution
		HideSolutionNode = FALSE
	EndGlobalSection
	GlobalSection(ExtensibilityGlobals) = postSolution
		SolutionGuid = {933583D1-490C-42C1-86EB-207DDF284B1F}
	EndGlobalSection
EndGlobal
